
Microsoft Visual Studio Solution File, Format Version 12.00
# Visual Studio Version 17
VisualStudioVersion = 17.4.33205.214
MinimumVisualStudioVersion = 10.0.40219.1
Project("{FAE04EC0-301F-11D3-BF4B-00C04F79EFBC}") = "projekt_2_kurs", "projekt_2_kurs\projekt_2_kurs.csproj", "{DB0A29EB-39C8-491F-BDE3-FF189824F2E5}"
EndProject
Global
	GlobalSection(SolutionConfigurationPlatforms) = preSolution
		Debug|Any CPU = Debug|Any CPU
		Release|Any CPU = Release|Any CPU
	EndGlobalSection
	GlobalSection(ProjectConfigurationPlatforms) = postSolution
		{DB0A29EB-39C8-491F-BDE3-FF189824F2E5}.Debug|Any CPU.ActiveCfg = Debug|Any CPU
		{DB0A29EB-39C8-491F-BDE3-FF189824F2E5}.Debug|Any CPU.Build.0 = Debug|Any CPU
		{DB0A29EB-39C8-491F-BDE3-FF189824F2E5}.Release|Any CPU.ActiveCfg = Release|Any CPU
		{DB0A29EB-39C8-491F-BDE3-FF189824F2E5}.Release|Any CPU.Build.0 = Release|Any CPU
	EndGlobalSection
	GlobalSection(SolutionProperties) = preSolution
		HideSolutionNode = FALSE
	EndGlobalSection
	GlobalSection(ExtensibilityGlobals) = postSolution
		SolutionGuid = {47C392C3-DB52-4F3C-8E33-03D92CC54CE9}
	EndGlobalSection
EndGlobal
